{
  "name": "bounds",
  "version": "1.0.0",
  "lockfileVersion": 2,
  "requires": true,
  "packages": {
    "": {
      "name": "bounds",
      "version": "1.0.0",
      "license": "ISC",
      "dependencies": {
        "bounds.js": "^1.0.4"
      }
    },
    "node_modules/bounds.js": {
      "version": "1.0.4",
      "resolved": "https://registry.npmjs.org/bounds.js/-/bounds.js-1.0.4.tgz",
      "integrity": "sha512-teCQmUuF0WPqi0PO0IS8wjqKgYRYqbkKftDrnHpp0SLlUbBG3MM4x+rcoU25JaVIhjeBK3k7Xr7zL57uVuzQLQ=="
    }
  },
  "dependencies": {
    "bounds.js": {
      "version": "1.0.4",
      "resolved": "https://registry.npmjs.org/bounds.js/-/bounds.js-1.0.4.tgz",
      "integrity": "sha512-teCQmUuF0WPqi0PO0IS8wjqKgYRYqbkKftDrnHpp0SLlUbBG3MM4x+rcoU25JaVIhjeBK3k7Xr7zL57uVuzQLQ=="
    }
  }
}
